
Microsoft Visual Studio Solution File, Format Version 12.00
# Visual Studio 15
VisualStudioVersion = 15.0.26228.4
MinimumVisualStudioVersion = 10.0.40219.1
Project("{FAE04EC0-301F-11D3-BF4B-00C04F79EFBC}") = "MoralesLarios.Data", "MoralesLarios.Data\MoralesLarios.Data.csproj", "{F40A921E-2182-4542-8690-59B22B5FEC80}"
EndProject
Project("{FAE04EC0-301F-11D3-BF4B-00C04F79EFBC}") = "MoralesLarios.Data.IntegrationTests", "MoralesLarios.Data.IntegrationTests\MoralesLarios.Data.IntegrationTests.csproj", "{ACE03B00-4DD8-4799-BC93-CB0C836789D8}"
EndProject
Project("{FAE04EC0-301F-11D3-BF4B-00C04F79EFBC}") = "MoralesLarios.Tests", "MoralesLarios.Tests\MoralesLarios.Tests.csproj", "{DE818E98-A24E-4A48-BD37-B5CD0CC4C5AB}"
EndProject
Project("{FAE04EC0-301F-11D3-BF4B-00C04F79EFBC}") = "DataDomain", "CKEstaticosDomain\DataDomain.csproj", "{D5BE59BC-81B7-45F0-9E34-C668A9848390}"
EndProject
Project("{FAE04EC0-301F-11D3-BF4B-00C04F79EFBC}") = "MoralesLarios.Data.EntityFramework", "MoralesLarios.Data.EntityFramework\MoralesLarios.Data.EntityFramework.csproj", "{2251DC04-44B3-49F8-8F01-A07DDFE9BD42}"
EndProject
Project("{FAE04EC0-301F-11D3-BF4B-00C04F79EFBC}") = "MoralesLarios.Data.Mix", "MoralesLarios.Data.Mix\MoralesLarios.Data.Mix.csproj", "{671E0ABB-43C2-448F-9301-3FD62C7A8212}"
EndProject
Project("{FAE04EC0-301F-11D3-BF4B-00C04F79EFBC}") = "MoralesLarios.Data.Dapper", "MoralesLarios.Data.Dapper\MoralesLarios.Data.Dapper.csproj", "{9A30DF1D-D99C-484E-812D-542340FC7889}"
EndProject
Global
	GlobalSection(SolutionConfigurationPlatforms) = preSolution
		Debug|Any CPU = Debug|Any CPU
		Release|Any CPU = Release|Any CPU
	EndGlobalSection
	GlobalSection(ProjectConfigurationPlatforms) = postSolution
		{F40A921E-2182-4542-8690-59B22B5FEC80}.Debug|Any CPU.ActiveCfg = Debug|Any CPU
		{F40A921E-2182-4542-8690-59B22B5FEC80}.Debug|Any CPU.Build.0 = Debug|Any CPU
		{F40A921E-2182-4542-8690-59B22B5FEC80}.Release|Any CPU.ActiveCfg = Release|Any CPU
		{F40A921E-2182-4542-8690-59B22B5FEC80}.Release|Any CPU.Build.0 = Release|Any CPU
		{ACE03B00-4DD8-4799-BC93-CB0C836789D8}.Debug|Any CPU.ActiveCfg = Debug|Any CPU
		{ACE03B00-4DD8-4799-BC93-CB0C836789D8}.Debug|Any CPU.Build.0 = Debug|Any CPU
		{ACE03B00-4DD8-4799-BC93-CB0C836789D8}.Release|Any CPU.ActiveCfg = Release|Any CPU
		{ACE03B00-4DD8-4799-BC93-CB0C836789D8}.Release|Any CPU.Build.0 = Release|Any CPU
		{DE818E98-A24E-4A48-BD37-B5CD0CC4C5AB}.Debug|Any CPU.ActiveCfg = Debug|Any CPU
		{DE818E98-A24E-4A48-BD37-B5CD0CC4C5AB}.Debug|Any CPU.Build.0 = Debug|Any CPU
		{DE818E98-A24E-4A48-BD37-B5CD0CC4C5AB}.Release|Any CPU.ActiveCfg = Release|Any CPU
		{DE818E98-A24E-4A48-BD37-B5CD0CC4C5AB}.Release|Any CPU.Build.0 = Release|Any CPU
		{D5BE59BC-81B7-45F0-9E34-C668A9848390}.Debug|Any CPU.ActiveCfg = Debug|Any CPU
		{D5BE59BC-81B7-45F0-9E34-C668A9848390}.Debug|Any CPU.Build.0 = Debug|Any CPU
		{D5BE59BC-81B7-45F0-9E34-C668A9848390}.Release|Any CPU.ActiveCfg = Release|Any CPU
		{D5BE59BC-81B7-45F0-9E34-C668A9848390}.Release|Any CPU.Build.0 = Release|Any CPU
		{2251DC04-44B3-49F8-8F01-A07DDFE9BD42}.Debug|Any CPU.ActiveCfg = Debug|Any CPU
		{2251DC04-44B3-49F8-8F01-A07DDFE9BD42}.Debug|Any CPU.Build.0 = Debug|Any CPU
		{2251DC04-44B3-49F8-8F01-A07DDFE9BD42}.Release|Any CPU.ActiveCfg = Release|Any CPU
		{2251DC04-44B3-49F8-8F01-A07DDFE9BD42}.Release|Any CPU.Build.0 = Release|Any CPU
		{671E0ABB-43C2-448F-9301-3FD62C7A8212}.Debug|Any CPU.ActiveCfg = Debug|Any CPU
		{671E0ABB-43C2-448F-9301-3FD62C7A8212}.Debug|Any CPU.Build.0 = Debug|Any CPU
		{671E0ABB-43C2-448F-9301-3FD62C7A8212}.Release|Any CPU.ActiveCfg = Release|Any CPU
		{671E0ABB-43C2-448F-9301-3FD62C7A8212}.Release|Any CPU.Build.0 = Release|Any CPU
		{9A30DF1D-D99C-484E-812D-542340FC7889}.Debug|Any CPU.ActiveCfg = Debug|Any CPU
		{9A30DF1D-D99C-484E-812D-542340FC7889}.Debug|Any CPU.Build.0 = Debug|Any CPU
		{9A30DF1D-D99C-484E-812D-542340FC7889}.Release|Any CPU.ActiveCfg = Release|Any CPU
		{9A30DF1D-D99C-484E-812D-542340FC7889}.Release|Any CPU.Build.0 = Release|Any CPU
	EndGlobalSection
	GlobalSection(SolutionProperties) = preSolution
		HideSolutionNode = FALSE
	EndGlobalSection
EndGlobal
